
Microsoft Visual Studio Solution File, Format Version 12.00
# Visual Studio Version 17
VisualStudioVersion = 17.9.34728.123
MinimumVisualStudioVersion = 10.0.40219.1
Project("{8BC9CEB8-8B4A-11D0-8D11-00A0C91BC942}") = "EasyFile", "EasyFile.vcxproj", "{FDA0A614-AC35-4400-B88D-2DBC5FF99903}"
EndProject
Global
	GlobalSection(SolutionConfigurationPlatforms) = preSolution
		Debug|x64 = Debug|x64
		Release|x64 = Release|x64
	EndGlobalSection
	GlobalSection(ProjectConfigurationPlatforms) = postSolution
		{FDA0A614-AC35-4400-B88D-2DBC5FF99903}.Debug|x64.ActiveCfg = Debug|x64
		{FDA0A614-AC35-4400-B88D-2DBC5FF99903}.Debug|x64.Build.0 = Debug|x64
		{FDA0A614-AC35-4400-B88D-2DBC5FF99903}.Release|x64.ActiveCfg = Release|x64
		{FDA0A614-AC35-4400-B88D-2DBC5FF99903}.Release|x64.Build.0 = Release|x64
	EndGlobalSection
	GlobalSection(SolutionProperties) = preSolution
		HideSolutionNode = FALSE
	EndGlobalSection
	GlobalSection(ExtensibilityGlobals) = postSolution
		SolutionGuid = {781D9AE3-D6F2-452B-B2AE-40BE69FDA432}
	EndGlobalSection
EndGlobal
